{
  "name": "sealctl",
  "version": "2.1.0",
  "lockfileVersion": 3,
  "requires": true,
  "packages": {
    "": {
      "name": "sealctl",
      "version": "2.1.0",
      "license": "MIT",
      "dependencies": {
        "lucide-react": "^1.32.0",
        "react": "^19.2.8"
      },
      "engines": {
        "node": ">=18"
      }
    },
    "node_modules/lucide-react": {
      "version": "1.32.0",
      "resolved": "http://package-firewall.replit.local/npm/lucide-react/-/lucide-react-1.32.0.tgz",
      "integrity": "sha512-txX56hMFnRxPi1f9/nH69YN8uvAO6a7Y1KSWKjCDAtdD9+soEgmWuCt6iRm1pkxUZo2+YntSdsE1L6bIuKoY8Q==",
      "license": "ISC",
      "peerDependencies": {
        "react": "^16.5.1 || ^17.0.0 || ^18.0.0 || ^19.0.0"
      }
    },
    "node_modules/react": {
      "version": "19.2.8",
      "resolved": "http://package-firewall.replit.local/npm/react/-/react-19.2.8.tgz",
      "integrity": "sha512-PWaYA1L/q9u2u7xYQi+Y3L3Yfnie7XyLeaJICV1MGD6LprsBxcAqGjYyr0eY3p+QdsA+x/Irkt4Qif8D63+Sbw==",
      "license": "MIT",
      "engines": {
        "node": ">=0.10.0"
      }
    }
  }
}
